
Microsoft Visual Studio Solution File, Format Version 12.00
# Visual Studio 2013
VisualStudioVersion = 12.0.21005.1
MinimumVisualStudioVersion = 10.0.40219.1
Project("{FAE04EC0-301F-11D3-BF4B-00C04F79EFBC}") = "Busybody", "src\Busybody\Busybody.csproj", "{7275FA56-0B74-4A9B-BEF9-BB45860EAEB8}"
EndProject
Project("{FAE04EC0-301F-11D3-BF4B-00C04F79EFBC}") = "BusybodyTests", "src\BusybodyTests\BusybodyTests.csproj", "{6440EFA3-AB24-485E-999B-7671622B2C7D}"
EndProject
Project("{FAE04EC0-301F-11D3-BF4B-00C04F79EFBC}") = "BusybodyAgent", "src\BusybodyAgent\BusybodyAgent.csproj", "{223A91C5-77C9-4506-94FE-1373F7536101}"
EndProject
Global
	GlobalSection(SolutionConfigurationPlatforms) = preSolution
		Debug|Any CPU = Debug|Any CPU
		Release|Any CPU = Release|Any CPU
	EndGlobalSection
	GlobalSection(ProjectConfigurationPlatforms) = postSolution
		{7275FA56-0B74-4A9B-BEF9-BB45860EAEB8}.Debug|Any CPU.ActiveCfg = Debug|Any CPU
		{7275FA56-0B74-4A9B-BEF9-BB45860EAEB8}.Debug|Any CPU.Build.0 = Debug|Any CPU
		{7275FA56-0B74-4A9B-BEF9-BB45860EAEB8}.Release|Any CPU.ActiveCfg = Release|Any CPU
		{7275FA56-0B74-4A9B-BEF9-BB45860EAEB8}.Release|Any CPU.Build.0 = Release|Any CPU
		{6440EFA3-AB24-485E-999B-7671622B2C7D}.Debug|Any CPU.ActiveCfg = Debug|Any CPU
		{6440EFA3-AB24-485E-999B-7671622B2C7D}.Debug|Any CPU.Build.0 = Debug|Any CPU
		{6440EFA3-AB24-485E-999B-7671622B2C7D}.Release|Any CPU.ActiveCfg = Release|Any CPU
		{6440EFA3-AB24-485E-999B-7671622B2C7D}.Release|Any CPU.Build.0 = Release|Any CPU
		{223A91C5-77C9-4506-94FE-1373F7536101}.Debug|Any CPU.ActiveCfg = Debug|Any CPU
		{223A91C5-77C9-4506-94FE-1373F7536101}.Debug|Any CPU.Build.0 = Debug|Any CPU
		{223A91C5-77C9-4506-94FE-1373F7536101}.Release|Any CPU.ActiveCfg = Release|Any CPU
		{223A91C5-77C9-4506-94FE-1373F7536101}.Release|Any CPU.Build.0 = Release|Any CPU
	EndGlobalSection
	GlobalSection(SolutionProperties) = preSolution
		HideSolutionNode = FALSE
	EndGlobalSection
EndGlobal
